// !$*UTF8*$!
{
	archiveVersion = 1;
	classes = {
	};
	objectVersion = 56;
	objects = {

/* Begin PBXBuildFile section */
		8981DCA12976C45200F60FC4 /* AppDelegate.swift in Sources */ = {isa = PBXBuildFile; fileRef = 8981DCA02976C45200F60FC4 /* AppDelegate.swift */; };
		8981DCA32976C45200F60FC4 /* SceneDelegate.swift in Sources */ = {isa = PBXBuildFile; fileRef = 8981DCA22976C45200F60FC4 /* SceneDelegate.swift */; };
		8981DCA52976C45200F60FC4 /* ViewController.swift in Sources */ = {isa = PBXBuildFile; fileRef = 8981DCA42976C45200F60FC4 /* ViewController.swift */; };
		8981DCA82976C45200F60FC4 /* Main.storyboard in Resources */ = {isa = PBXBuildFile; fileRef = 8981DCA62976C45200F60FC4 /* Main.storyboard */; };
		8981DCAB2976C45200F60FC4 /* FootballPlayerBook.xcdatamodeld in Sources */ = {isa = PBXBuildFile; fileRef = 8981DCA92976C45200F60FC4 /* FootballPlayerBook.xcdatamodeld */; };
		8981DCAD2976C45200F60FC4 /* Assets.xcassets in Resources */ = {isa = PBXBuildFile; fileRef = 8981DCAC2976C45200F60FC4 /* Assets.xcassets */; };
		8981DCB02976C45200F60FC4 /* LaunchScreen.storyboard in Resources */ = {isa = PBXBuildFile; fileRef = 8981DCAE2976C45200F60FC4 /* LaunchScreen.storyboard */; };
		8981DCB82976C86400F60FC4 /* DetailsVC.swift in Sources */ = {isa = PBXBuildFile; fileRef = 8981DCB72976C86400F60FC4 /* DetailsVC.swift */; };
/* End PBXBuildFile section */

/* Begin PBXFileReference section */
		8981DC9D2976C45200F60FC4 /* FootballPlayerBook.app */ = {isa = PBXFileReference; explicitFileType = wrapper.application; includeInIndex = 0; path = FootballPlayerBook.app; sourceTree = BUILT_PRODUCTS_DIR; };
		8981DCA02976C45200F60FC4 /* AppDelegate.swift */ = {isa = PBXFileReference; lastKnownFileType = sourcecode.swift; path = AppDelegate.swift; sourceTree = "<group>"; };
		8981DCA22976C45200F60FC4 /* SceneDelegate.swift */ = {isa = PBXFileReference; lastKnownFileType = sourcecode.swift; path = SceneDelegate.swift; sourceTree = "<group>"; };
		8981DCA42976C45200F60FC4 /* ViewController.swift */ = {isa = PBXFileReference; lastKnownFileType = sourcecode.swift; path = ViewController.swift; sourceTree = "<group>"; };
		8981DCA72976C45200F60FC4 /* Base */ = {isa = PBXFileReference; lastKnownFileType = file.storyboard; name = Base; path = Base.lproj/Main.storyboard; sourceTree = "<group>"; };
		8981DCAA2976C45200F60FC4 /* FootballPlayerBook.xcdatamodel */ = {isa = PBXFileReference; lastKnownFileType = wrapper.xcdatamodel; path = FootballPlayerBook.xcdatamodel; sourceTree = "<group>"; };
		8981DCAC2976C45200F60FC4 /* Assets.xcassets */ = {isa = PBXFileReference; lastKnownFileType = folder.assetcatalog; path = Assets.xcassets; sourceTree = "<group>"; };
		8981DCAF2976C45200F60FC4 /* Base */ = {isa = PBXFileReference; lastKnownFileType = file.storyboard; name = Base; path = Base.lproj/LaunchScreen.storyboard; sourceTree = "<group>"; };
		8981DCB12976C45200F60FC4 /* Info.plist */ = {isa = PBXFileReference; lastKnownFileType = text.plist.xml; path = Info.plist; sourceTree = "<group>"; };
		8981DCB72976C86400F60FC4 /* DetailsVC.swift */ = {isa = PBXFileReference; lastKnownFileType = sourcecode.swift; path = DetailsVC.swift; sourceTree = "<group>"; };
/* End PBXFileReference section */

/* Begin PBXFrameworksBuildPhase section */
		8981DC9A2976C45200F60FC4 /* Frameworks */ = {
			isa = PBXFrameworksBuildPhase;
			buildActionMask = 2147483647;
			files = (
			);
			runOnlyForDeploymentPostprocessing = 0;
		};
/* End PBXFrameworksBuildPhase section */

/* Begin PBXGroup section */
		8981DC942976C45200F60FC4 = {
			isa = PBXGroup;
			children = (
				8981DC9F2976C45200F60FC4 /* FootballPlayerBook */,
				8981DC9E2976C45200F60FC4 /* Products */,
			);
			sourceTree = "<group>";
		};
		8981DC9E2976C45200F60FC4 /* Products */ = {
			isa = PBXGroup;
			children = (
				8981DC9D2976C45200F60FC4 /* FootballPlayerBook.app */,
			);
			name = Products;
			sourceTree = "<group>";
		};
		8981DC9F2976C45200F60FC4 /* FootballPlayerBook */ = {
			isa = PBXGroup;
			children = (
				8981DCA02976C45200F60FC4 /* AppDelegate.swift */,
				8981DCA22976C45200F60FC4 /* SceneDelegate.swift */,
				8981DCA42976C45200F60FC4 /* ViewController.swift */,
				8981DCB72976C86400F60FC4 /* DetailsVC.swift */,
				8981DCA62976C45200F60FC4 /* Main.storyboard */,
				8981DCAC2976C45200F60FC4 /* Assets.xcassets */,
				8981DCAE2976C45200F60FC4 /* LaunchScreen.storyboard */,
				8981DCB12976C45200F60FC4 /* Info.plist */,
				8981DCA92976C45200F60FC4 /* FootballPlayerBook.xcdatamodeld */,
			);
			path = FootballPlayerBook;
			sourceTree = "<group>";
		};
/* End PBXGroup section */

/* Begin PBXNativeTarget section */
		8981DC9C2976C45200F60FC4 /* FootballPlayerBook */ = {
			isa = PBXNativeTarget;
			buildConfigurationList = 8981DCB42976C45200F60FC4 /* Build configuration list for PBXNativeTarget "FootballPlayerBook" */;
			buildPhases = (
				8981DC992976C45200F60FC4 /* Sources */,
				8981DC9A2976C45200F60FC4 /* Frameworks */,
				8981DC9B2976C45200F60FC4 /* Resources */,
			);
			buildRules = (
			);
			dependencies = (
			);
			name = FootballPlayerBook;
			productName = FootballPlayerBook;
			productReference = 8981DC9D2976C45200F60FC4 /* FootballPlayerBook.app */;
			productType = "com.apple.product-type.application";
		};
/* End PBXNativeTarget section */

/* Begin PBXProject section */
		8981DC952976C45200F60FC4 /* Project object */ = {
			isa = PBXProject;
			attributes = {
				BuildIndependentTargetsInParallel = 1;
				LastSwiftUpdateCheck = 1420;
				LastUpgradeCheck = 1420;
				TargetAttributes = {
					8981DC9C2976C45200F60FC4 = {
						CreatedOnToolsVersion = 14.2;
					};
				};
			};
			buildConfigurationList = 8981DC982976C45200F60FC4 /* Build configuration list for PBXProject "FootballPlayerBook" */;
			compatibilityVersion = "Xcode 14.0";
			developmentRegion = en;
			hasScannedForEncodings = 0;
			knownRegions = (
				en,
				Base,
			);
			mainGroup = 8981DC942976C45200F60FC4;
			productRefGroup = 8981DC9E2976C45200F60FC4 /* Products */;
			projectDirPath = "";
			projectRoot = "";
			targets = (
				8981DC9C2976C45200F60FC4 /* FootballPlayerBook */,
			);
		};
/* End PBXProject section */

/* Begin PBXResourcesBuildPhase section */
		8981DC9B2976C45200F60FC4 /* Resources */ = {
			isa = PBXResourcesBuildPhase;
			buildActionMask = 2147483647;
			files = (
				8981DCB02976C45200F60FC4 /* LaunchScreen.storyboard in Resources */,
				8981DCAD2976C45200F60FC4 /* Assets.xcassets in Resources */,
				8981DCA82976C45200F60FC4 /* Main.storyboard in Resources */,
			);
			runOnlyForDeploymentPostprocessing = 0;
		};
/* End PBXResourcesBuildPhase section */

/* Begin PBXSourcesBuildPhase section */
		8981DC992976C45200F60FC4 /* Sources */ = {
			isa = PBXSourcesBuildPhase;
			buildActionMask = 2147483647;
			files = (
				8981DCA52976C45200F60FC4 /* ViewController.swift in Sources */,
				8981DCA12976C45200F60FC4 /* AppDelegate.swift in Sources */,
				8981DCAB2976C45200F60FC4 /* FootballPlayerBook.xcdatamodeld in Sources */,
				8981DCA32976C45200F60FC4 /* SceneDelegate.swift in Sources */,
				8981DCB82976C86400F60FC4 /* DetailsVC.swift in Sources */,
			);
			runOnlyForDeploymentPostprocessing = 0;
		};
/* End PBXSourcesBuildPhase section */

/* Begin PBXVariantGroup section */
		8981DCA62976C45200F60FC4 /* Main.storyboard */ = {
			isa = PBXVariantGroup;
			children = (
				8981DCA72976C45200F60FC4 /* Base */,
			);
			name = Main.storyboard;
			sourceTree = "<group>";
		};
		8981DCAE2976C45200F60FC4 /* LaunchScreen.storyboard */ = {
			isa = PBXVariantGroup;
			children = (
				8981DCAF2976C45200F60FC4 /* Base */,
			);
			name = LaunchScreen.storyboard;
			sourceTree = "<group>";
		};
/* End PBXVariantGroup section */

/* Begin XCBuildConfiguration section */
		8981DCB22976C45200F60FC4 /* Debug */ = {
			isa = XCBuildConfiguration;
			buildSettings = {
				ALWAYS_SEARCH_USER_PATHS = NO;
				CLANG_ANALYZER_NONNULL = YES;
				CLANG_ANALYZER_NUMBER_OBJECT_CONVERSION = YES_AGGRESSIVE;
				CLANG_CXX_LANGUAGE_STANDARD = "gnu++20";
				CLANG_ENABLE_MODULES = YES;
				CLANG_ENABLE_OBJC_ARC = YES;
				CLANG_ENABLE_OBJC_WEAK = YES;
				CLANG_WARN_BLOCK_CAPTURE_AUTORELEASING = YES;
				CLANG_WARN_BOOL_CONVERSION = YES;
				CLANG_WARN_COMMA = YES;
				CLANG_WARN_CONSTANT_CONVERSION = YES;
				CLANG_WARN_DEPRECATED_OBJC_IMPLEMENTATIONS = YES;
				CLANG_WARN_DIRECT_OBJC_ISA_USAGE = YES_ERROR;
				CLANG_WARN_DOCUMENTATION_COMMENTS = YES;
				CLANG_WARN_EMPTY_BODY = YES;
				CLANG_WARN_ENUM_CONVERSION = YES;
				CLANG_WARN_INFINITE_RECURSION = YES;
				CLANG_WARN_INT_CONVERSION = YES;
				CLANG_WARN_NON_LITERAL_NULL_CONVERSION = YES;
				CLANG_WARN_OBJC_IMPLICIT_RETAIN_SELF = YES;
				CLANG_WARN_OBJC_LITERAL_CONVERSION = YES;
				CLANG_WARN_OBJC_ROOT_CLASS = YES_ERROR;
				CLANG_WARN_QUOTED_INCLUDE_IN_FRAMEWORK_HEADER = YES;
				CLANG_WARN_RANGE_LOOP_ANALYSIS = YES;
				CLANG_WARN_STRICT_PROTOTYPES = YES;
				CLANG_WARN_SUSPICIOUS_MOVE = YES;
				CLANG_WARN_UNGUARDED_AVAILABILITY = YES_AGGRESSIVE;
				CLANG_WARN_UNREACHABLE_CODE = YES;
				CLANG_WARN__DUPLICATE_METHOD_MATCH = YES;
				COPY_PHASE_STRIP = NO;
				DEBUG_INFORMATION_FORMAT = dwarf;
				ENABLE_STRICT_OBJC_MSGSEND = YES;
				ENABLE_TESTABILITY = YES;
				GCC_C_LANGUAGE_STANDARD = gnu11;
				GCC_DYNAMIC_NO_PIC = NO;
				GCC_NO_COMMON_BLOCKS = YES;
				GCC_OPTIMIZATION_LEVEL = 0;
				GCC_PREPROCESSOR_DEFINITIONS = (
					"DEBUG=1",
					"$(inherited)",
				);
				GCC_WARN_64_TO_32_BIT_CONVERSION = YES;
				GCC_WARN_ABOUT_RETURN_TYPE = YES_ERROR;
				GCC_WARN_UNDECLARED_SELECTOR = YES;
				GCC_WARN_UNINITIALIZED_AUTOS = YES_AGGRESSIVE;
				GCC_WARN_UNUSED_FUNCTION = YES;
				GCC_WARN_UNUSED_VARIABLE = YES;
				IPHONEOS_DEPLOYMENT_TARGET = 16.2;
				MTL_ENABLE_DEBUG_INFO = INCLUDE_SOURCE;
				MTL_FAST_MATH = YES;
				ONLY_ACTIVE_ARCH = YES;
				SDKROOT = iphoneos;
				SWIFT_ACTIVE_COMPILATION_CONDITIONS = DEBUG;
				SWIFT_OPTIMIZATION_LEVEL = "-Onone";
			};
			name = Debug;
		};
		8981DCB32976C45200F60FC4 /* Release */ = {
			isa = XCBuildConfiguration;
			buildSettings = {
				ALWAYS_SEARCH_USER_PATHS = NO;
				CLANG_ANALYZER_NONNULL = YES;
				CLANG_ANALYZER_NUMBER_OBJECT_CONVERSION = YES_AGGRESSIVE;
				CLANG_CXX_LANGUAGE_STANDARD = "gnu++20";
				CLANG_ENABLE_MODULES = YES;
				CLANG_ENABLE_OBJC_ARC = YES;
				CLANG_ENABLE_OBJC_WEAK = YES;
				CLANG_WARN_BLOCK_CAPTURE_AUTORELEASING = YES;
				CLANG_WARN_BOOL_CONVERSION = YES;
				CLANG_WARN_COMMA = YES;
				CLANG_WARN_CONSTANT_CONVERSION = YES;
				CLANG_WARN_DEPRECATED_OBJC_IMPLEMENTATIONS = YES;
				CLANG_WARN_DIRECT_OBJC_ISA_USAGE = YES_ERROR;
				CLANG_WARN_DOCUMENTATION_COMMENTS = YES;
				CLANG_WARN_EMPTY_BODY = YES;
				CLANG_WARN_ENUM_CONVERSION = YES;
				CLANG_WARN_INFINITE_RECURSION = YES;
				CLANG_WARN_INT_CONVERSION = YES;
				CLANG_WARN_NON_LITERAL_NULL_CONVERSION = YES;
				CLANG_WARN_OBJC_IMPLICIT_RETAIN_SELF = YES;
				CLANG_WARN_OBJC_LITERAL_CONVERSION = YES;
				CLANG_WARN_OBJC_ROOT_CLASS = YES_ERROR;
				CLANG_WARN_QUOTED_INCLUDE_IN_FRAMEWORK_HEADER = YES;
				CLANG_WARN_RANGE_LOOP_ANALYSIS = YES;
				CLANG_WARN_STRICT_PROTOTYPES = YES;
				CLANG_WARN_SUSPICIOUS_MOVE = YES;
				CLANG_WARN_UNGUARDED_AVAILABILITY = YES_AGGRESSIVE;
				CLANG_WARN_UNREACHABLE_CODE = YES;
				CLANG_WARN__DUPLICATE_METHOD_MATCH = YES;
				COPY_PHASE_STRIP = NO;
				DEBUG_INFORMATION_FORMAT = "dwarf-with-dsym";
				ENABLE_NS_ASSERTIONS = NO;
				ENABLE_STRICT_OBJC_MSGSEND = YES;
				GCC_C_LANGUAGE_STANDARD = gnu11;
				GCC_NO_COMMON_BLOCKS = YES;
				GCC_WARN_64_TO_32_BIT_CONVERSION = YES;
				GCC_WARN_ABOUT_RETURN_TYPE = YES_ERROR;
				GCC_WARN_UNDECLARED_SELECTOR = YES;
				GCC_WARN_UNINITIALIZED_AUTOS = YES_AGGRESSIVE;
				GCC_WARN_UNUSED_FUNCTION = YES;
				GCC_WARN_UNUSED_VARIABLE = YES;
				IPHONEOS_DEPLOYMENT_TARGET = 16.2;
				MTL_ENABLE_DEBUG_INFO = NO;
				MTL_FAST_MATH = YES;
				SDKROOT = iphoneos;
				SWIFT_COMPILATION_MODE = wholemodule;
				SWIFT_OPTIMIZATION_LEVEL = "-O";
				VALIDATE_PRODUCT = YES;
			};
			name = Release;
		};
		8981DCB52976C45200F60FC4 /* Debug */ = {
			isa = XCBuildConfiguration;
			buildSettings = {
				ASSETCATALOG_COMPILER_APPICON_NAME = AppIcon;
				ASSETCATALOG_COMPILER_GLOBAL_ACCENT_COLOR_NAME = AccentColor;
				CODE_SIGN_STYLE = Automatic;
				CURRENT_PROJECT_VERSION = 1;
				DEVELOPMENT_TEAM = 7MH88ZT47Y;
				GENERATE_INFOPLIST_FILE = YES;
				INFOPLIST_FILE = FootballPlayerBook/Info.plist;
				INFOPLIST_KEY_UIApplicationSupportsIndirectInputEvents = YES;
				INFOPLIST_KEY_UILaunchStoryboardName = LaunchScreen;
				INFOPLIST_KEY_UIMainStoryboardFile = Main;
				INFOPLIST_KEY_UISupportedInterfaceOrientations_iPad = "UIInterfaceOrientationPortrait UIInterfaceOrientationPortraitUpsideDown UIInterfaceOrientationLandscapeLeft UIInterfaceOrientationLandscapeRight";
				INFOPLIST_KEY_UISupportedInterfaceOrientations_iPhone = "UIInterfaceOrientationPortrait UIInterfaceOrientationLandscapeLeft UIInterfaceOrientationLandscapeRight";
				LD_RUNPATH_SEARCH_PATHS = (
					"$(inherited)",
					"@executable_path/Frameworks",
				);
				MARKETING_VERSION = 1.0;
				PRODUCT_BUNDLE_IDENTIFIER = com.ozgursalihdulger.FootballPlayerBook;
				PRODUCT_NAME = "$(TARGET_NAME)";
				SWIFT_EMIT_LOC_STRINGS = YES;
				SWIFT_VERSION = 5.0;
				TARGETED_DEVICE_FAMILY = "1,2";
			};
			name = Debug;
		};
		8981DCB62976C45200F60FC4 /* Release */ = {
			isa = XCBuildConfiguration;
			buildSettings = {
				ASSETCATALOG_COMPILER_APPICON_NAME = AppIcon;
				ASSETCATALOG_COMPILER_GLOBAL_ACCENT_COLOR_NAME = AccentColor;
				CODE_SIGN_STYLE = Automatic;
				CURRENT_PROJECT_VERSION = 1;
				DEVELOPMENT_TEAM = 7MH88ZT47Y;
				GENERATE_INFOPLIST_FILE = YES;
				INFOPLIST_FILE = FootballPlayerBook/Info.plist;
				INFOPLIST_KEY_UIApplicationSupportsIndirectInputEvents = YES;
				INFOPLIST_KEY_UILaunchStoryboardName = LaunchScreen;
				INFOPLIST_KEY_UIMainStoryboardFile = Main;
				INFOPLIST_KEY_UISupportedInterfaceOrientations_iPad = "UIInterfaceOrientationPortrait UIInterfaceOrientationPortraitUpsideDown UIInterfaceOrientationLandscapeLeft UIInterfaceOrientationLandscapeRight";
				INFOPLIST_KEY_UISupportedInterfaceOrientations_iPhone = "UIInterfaceOrientationPortrait UIInterfaceOrientationLandscapeLeft UIInterfaceOrientationLandscapeRight";
				LD_RUNPATH_SEARCH_PATHS = (
					"$(inherited)",
					"@executable_path/Frameworks",
				);
				MARKETING_VERSION = 1.0;
				PRODUCT_BUNDLE_IDENTIFIER = com.ozgursalihdulger.FootballPlayerBook;
				PRODUCT_NAME = "$(TARGET_NAME)";
				SWIFT_EMIT_LOC_STRINGS = YES;
				SWIFT_VERSION = 5.0;
				TARGETED_DEVICE_FAMILY = "1,2";
			};
			name = Release;
		};
/* End XCBuildConfiguration section */

/* Begin XCConfigurationList section */
		8981DC982976C45200F60FC4 /* Build configuration list for PBXProject "FootballPlayerBook" */ = {
			isa = XCConfigurationList;
			buildConfigurations = (
				8981DCB22976C45200F60FC4 /* Debug */,
				8981DCB32976C45200F60FC4 /* Release */,
			);
			defaultConfigurationIsVisible = 0;
			defaultConfigurationName = Release;
		};
		8981DCB42976C45200F60FC4 /* Build configuration list for PBXNativeTarget "FootballPlayerBook" */ = {
			isa = XCConfigurationList;
			buildConfigurations = (
				8981DCB52976C45200F60FC4 /* Debug */,
				8981DCB62976C45200F60FC4 /* Release */,
			);
			defaultConfigurationIsVisible = 0;
			defaultConfigurationName = Release;
		};
/* End XCConfigurationList section */

/* Begin XCVersionGroup section */
		8981DCA92976C45200F60FC4 /* FootballPlayerBook.xcdatamodeld */ = {
			isa = XCVersionGroup;
			children = (
				8981DCAA2976C45200F60FC4 /* FootballPlayerBook.xcdatamodel */,
			);
			currentVersion = 8981DCAA2976C45200F60FC4 /* FootballPlayerBook.xcdatamodel */;
			path = FootballPlayerBook.xcdatamodeld;
			sourceTree = "<group>";
			versionGroupType = wrapper.xcdatamodel;
		};
/* End XCVersionGroup section */
	};
	rootObject = 8981DC952976C45200F60FC4 /* Project object */;
}
